
Microsoft Visual Studio Solution File, Format Version 12.00
# Visual Studio Version 17
VisualStudioVersion = 17.8.34601.278
MinimumVisualStudioVersion = 10.0.40219.1
Project("{FAE04EC0-301F-11D3-BF4B-00C04F79EFBC}") = "CustomerService", "CustomerService\CustomerService.csproj", "{973C139B-2388-4375-8DE0-498D99458993}"
EndProject
Project("{FAE04EC0-301F-11D3-BF4B-00C04F79EFBC}") = "CustomerServiceTests", "CustomerServiceTests\CustomerServiceTests.csproj", "{130D5AE6-017E-439B-B07D-15A8CFE1E67C}"
EndProject
Global
	GlobalSection(SolutionConfigurationPlatforms) = preSolution
		Debug|Any CPU = Debug|Any CPU
		Release|Any CPU = Release|Any CPU
	EndGlobalSection
	GlobalSection(ProjectConfigurationPlatforms) = postSolution
		{973C139B-2388-4375-8DE0-498D99458993}.Debug|Any CPU.ActiveCfg = Debug|Any CPU
		{973C139B-2388-4375-8DE0-498D99458993}.Debug|Any CPU.Build.0 = Debug|Any CPU
		{973C139B-2388-4375-8DE0-498D99458993}.Release|Any CPU.ActiveCfg = Release|Any CPU
		{973C139B-2388-4375-8DE0-498D99458993}.Release|Any CPU.Build.0 = Release|Any CPU
		{130D5AE6-017E-439B-B07D-15A8CFE1E67C}.Debug|Any CPU.ActiveCfg = Debug|Any CPU
		{130D5AE6-017E-439B-B07D-15A8CFE1E67C}.Debug|Any CPU.Build.0 = Debug|Any CPU
		{130D5AE6-017E-439B-B07D-15A8CFE1E67C}.Release|Any CPU.ActiveCfg = Release|Any CPU
		{130D5AE6-017E-439B-B07D-15A8CFE1E67C}.Release|Any CPU.Build.0 = Release|Any CPU
	EndGlobalSection
	GlobalSection(SolutionProperties) = preSolution
		HideSolutionNode = FALSE
	EndGlobalSection
	GlobalSection(ExtensibilityGlobals) = postSolution
		SolutionGuid = {08B3129D-2EAD-450B-B670-89CBDFAA830D}
	EndGlobalSection
EndGlobal
